{
  "name": "batchUpdateTourStops",
  "version": "2.0.0",
  "lockfileVersion": 1,
  "requires": true,
  "dependencies": {
    "data-api-client": {
      "version": "1.0.1",
      "resolved": "https://registry.npmjs.org/data-api-client/-/data-api-client-1.0.1.tgz",
      "integrity": "sha512-5aJ3uu2NH1S2mKyHhAqhkMMt7vgyKlLCdT/aq8X3disylSfGxSDj7NUl4zZzL5Jalbnoz40inZbB2i0EXTJbzg==",
      "requires": {
        "sqlstring": "^2.3.1"
      }
    },
    "sqlstring": {
      "version": "2.3.2",
      "resolved": "https://registry.npmjs.org/sqlstring/-/sqlstring-2.3.2.tgz",
      "integrity": "sha512-vF4ZbYdKS8OnoJAWBmMxCQDkiEBkGQYU7UZPtL8flbDRSNkhaXvRJ279ZtI6M+zDaQovVU4tuRgzK5fVhvFAhg=="
    }
  }
}
